
Microsoft Visual Studio Solution File, Format Version 12.00
# Visual Studio Version 17
VisualStudioVersion = 17.3.32929.385
MinimumVisualStudioVersion = 10.0.40219.1
Project("{FAE04EC0-301F-11D3-BF4B-00C04F79EFBC}") = "Downloader", "Downloader.csproj", "{9FE31C94-23E6-4129-8171-5306CF47C609}"
EndProject
Global
	GlobalSection(SolutionConfigurationPlatforms) = preSolution
		Debug|Any CPU = Debug|Any CPU
		Release|Any CPU = Release|Any CPU
	EndGlobalSection
	GlobalSection(ProjectConfigurationPlatforms) = postSolution
		{9FE31C94-23E6-4129-8171-5306CF47C609}.Debug|Any CPU.ActiveCfg = Debug|Any CPU
		{9FE31C94-23E6-4129-8171-5306CF47C609}.Debug|Any CPU.Build.0 = Debug|Any CPU
		{9FE31C94-23E6-4129-8171-5306CF47C609}.Release|Any CPU.ActiveCfg = Release|Any CPU
		{9FE31C94-23E6-4129-8171-5306CF47C609}.Release|Any CPU.Build.0 = Release|Any CPU
	EndGlobalSection
	GlobalSection(SolutionProperties) = preSolution
		HideSolutionNode = FALSE
	EndGlobalSection
	GlobalSection(ExtensibilityGlobals) = postSolution
		SolutionGuid = {239FC8BD-5806-4D3E-AE3C-8C08F68ED068}
	EndGlobalSection
EndGlobal
